
Microsoft Visual Studio Solution File, Format Version 12.00
# Visual Studio 15
VisualStudioVersion = 15.0.27428.2037
MinimumVisualStudioVersion = 10.0.40219.1
Project("{FAE04EC0-301F-11D3-BF4B-00C04F79EFBC}") = "WebAppX", "WebAppX\WebAppX.csproj", "{4451D68A-5274-4302-861E-4C1F05A09490}"
EndProject
Global
	GlobalSection(SolutionConfigurationPlatforms) = preSolution
		Debug|Any CPU = Debug|Any CPU
		Release|Any CPU = Release|Any CPU
	EndGlobalSection
	GlobalSection(ProjectConfigurationPlatforms) = postSolution
		{4451D68A-5274-4302-861E-4C1F05A09490}.Debug|Any CPU.ActiveCfg = Debug|Any CPU
		{4451D68A-5274-4302-861E-4C1F05A09490}.Debug|Any CPU.Build.0 = Debug|Any CPU
		{4451D68A-5274-4302-861E-4C1F05A09490}.Release|Any CPU.ActiveCfg = Release|Any CPU
		{4451D68A-5274-4302-861E-4C1F05A09490}.Release|Any CPU.Build.0 = Release|Any CPU
	EndGlobalSection
	GlobalSection(SolutionProperties) = preSolution
		HideSolutionNode = FALSE
	EndGlobalSection
	GlobalSection(ExtensibilityGlobals) = postSolution
		SolutionGuid = {EECD78AD-B864-4C17-9279-4A098CF80DCC}
	EndGlobalSection
EndGlobal
